
Microsoft Visual Studio Solution File, Format Version 12.00
# Visual Studio Version 17
VisualStudioVersion = 17.3.32811.315
MinimumVisualStudioVersion = 10.0.40219.1
Project("{FAE04EC0-301F-11D3-BF4B-00C04F79EFBC}") = "DsAndAlgorithm", "DsAndAlgorithm.csproj", "{CCA76261-A217-42DA-B746-5D8171DF58BB}"
EndProject
Global
	GlobalSection(SolutionConfigurationPlatforms) = preSolution
		Debug|Any CPU = Debug|Any CPU
		Release|Any CPU = Release|Any CPU
	EndGlobalSection
	GlobalSection(ProjectConfigurationPlatforms) = postSolution
		{CCA76261-A217-42DA-B746-5D8171DF58BB}.Debug|Any CPU.ActiveCfg = Debug|Any CPU
		{CCA76261-A217-42DA-B746-5D8171DF58BB}.Debug|Any CPU.Build.0 = Debug|Any CPU
		{CCA76261-A217-42DA-B746-5D8171DF58BB}.Release|Any CPU.ActiveCfg = Release|Any CPU
		{CCA76261-A217-42DA-B746-5D8171DF58BB}.Release|Any CPU.Build.0 = Release|Any CPU
	EndGlobalSection
	GlobalSection(SolutionProperties) = preSolution
		HideSolutionNode = FALSE
	EndGlobalSection
	GlobalSection(ExtensibilityGlobals) = postSolution
		SolutionGuid = {5D8350B5-D75B-4015-BE2F-7832360D7A00}
	EndGlobalSection
EndGlobal
